
Microsoft Visual Studio Solution File, Format Version 12.00
# Visual Studio Version 17
VisualStudioVersion = 17.5.002.0
MinimumVisualStudioVersion = 10.0.40219.1
Project("{9A19103F-16F7-4668-BE54-9A1E7A4F7556}") = "API", "API.csproj", "{31FA0165-4064-4518-94D5-2BCCC5464F5F}"
EndProject
Global
	GlobalSection(SolutionConfigurationPlatforms) = preSolution
		Debug|Any CPU = Debug|Any CPU
		Release|Any CPU = Release|Any CPU
	EndGlobalSection
	GlobalSection(ProjectConfigurationPlatforms) = postSolution
		{31FA0165-4064-4518-94D5-2BCCC5464F5F}.Debug|Any CPU.ActiveCfg = Debug|Any CPU
		{31FA0165-4064-4518-94D5-2BCCC5464F5F}.Debug|Any CPU.Build.0 = Debug|Any CPU
		{31FA0165-4064-4518-94D5-2BCCC5464F5F}.Release|Any CPU.ActiveCfg = Release|Any CPU
		{31FA0165-4064-4518-94D5-2BCCC5464F5F}.Release|Any CPU.Build.0 = Release|Any CPU
	EndGlobalSection
	GlobalSection(SolutionProperties) = preSolution
		HideSolutionNode = FALSE
	EndGlobalSection
	GlobalSection(ExtensibilityGlobals) = postSolution
		SolutionGuid = {ED89ADE4-4195-4101-AB87-C0AD8D7204C8}
	EndGlobalSection
EndGlobal
